
Microsoft Visual Studio Solution File, Format Version 9.00
# Visual Studio 2005
Project("{FAE04EC0-301F-11D3-BF4B-00C04F79EFBC}") = "AutoCode", "AutoCode\AutoCode.csproj", "{59CDEF54-7A1C-40EF-BAE5-4F7BFBACEEEB}"
EndProject
Global
	GlobalSection(SolutionConfigurationPlatforms) = preSolution
		Debug|Any CPU = Debug|Any CPU
		Release|Any CPU = Release|Any CPU
	EndGlobalSection
	GlobalSection(ProjectConfigurationPlatforms) = postSolution
		{59CDEF54-7A1C-40EF-BAE5-4F7BFBACEEEB}.Debug|Any CPU.ActiveCfg = Debug|Any CPU
		{59CDEF54-7A1C-40EF-BAE5-4F7BFBACEEEB}.Debug|Any CPU.Build.0 = Debug|Any CPU
		{59CDEF54-7A1C-40EF-BAE5-4F7BFBACEEEB}.Release|Any CPU.ActiveCfg = Release|Any CPU
		{59CDEF54-7A1C-40EF-BAE5-4F7BFBACEEEB}.Release|Any CPU.Build.0 = Release|Any CPU
	EndGlobalSection
	GlobalSection(SolutionProperties) = preSolution
		HideSolutionNode = FALSE
	EndGlobalSection
EndGlobal
